
Microsoft Visual Studio Solution File, Format Version 12.00
# Visual Studio 15
VisualStudioVersion = 15.0.26430.16
MinimumVisualStudioVersion = 10.0.40219.1
Project("{8BC9CEB8-8B4A-11D0-8D11-00A0C91BC942}") = "terark-zip-rocksdb", "terark-zip-rocksdb.vcxproj", "{D0852590-2E24-4259-B060-7CEAA6C3B9CC}"
EndProject
Project("{8BC9CEB8-8B4A-11D0-8D11-00A0C91BC942}") = "crypto_tools", "crypto_tools.vcxproj", "{61F8D43C-1505-45A8-BCED-6EA25B819C0C}"
EndProject
Project("{8BC9CEB8-8B4A-11D0-8D11-00A0C91BC942}") = "db_iterator_test", "..\..\rocksdb\msvc14\db_iterator_test.vcxproj", "{7A96F5E7-A6A5-3ABB-8F01-02E8204E59B0}"
	ProjectSection(ProjectDependencies) = postProject
		{D0852590-2E24-4259-B060-7CEAA6C3B9CC} = {D0852590-2E24-4259-B060-7CEAA6C3B9CC}
	EndProjectSection
EndProject
Project("{8BC9CEB8-8B4A-11D0-8D11-00A0C91BC942}") = "terark-core", "..\..\terark\vs2015\terark-fsa\terark-core\terark-core.vcxproj", "{C5ECD2A9-C18E-4C04-B2F1-C5D6F236F5AE}"
EndProject
Project("{8BC9CEB8-8B4A-11D0-8D11-00A0C91BC942}") = "terark-fsa", "..\..\terark\vs2015\terark-fsa\terark-fsa\terark-fsa.vcxproj", "{C5ECD2A1-C18E-4C04-B2FA-C5C6F206F5AE}"
EndProject
Project("{8BC9CEB8-8B4A-11D0-8D11-00A0C91BC942}") = "terark-zbs", "..\..\terark\vs2015\terark-fsa\terark-zbs\terark-zbs.vcxproj", "{C5ECD2A1-C35E-4CE4-BEFA-C5C6F206F5AE}"
EndProject
Project("{8BC9CEB8-8B4A-11D0-8D11-00A0C91BC942}") = "test-second-pass", "test-second-pass.vcxproj", "{15112AF0-337E-4297-8B3E-64AC4F7CFBB4}"
EndProject
Project("{8BC9CEB8-8B4A-11D0-8D11-00A0C91BC942}") = "rocksdb", "..\..\rocksdb\msvc14\rocksdb.vcxproj", "{26C5F80F-BAF3-39EF-8589-224D4D4A3D2F}"
EndProject
Global
	GlobalSection(SolutionConfigurationPlatforms) = preSolution
		Debug|x64 = Debug|x64
		Debug|x86 = Debug|x86
		MinSizeRel|x64 = MinSizeRel|x64
		MinSizeRel|x86 = MinSizeRel|x86
		Release|x64 = Release|x64
		Release|x86 = Release|x86
		RelWithDebInfo|x64 = RelWithDebInfo|x64
		RelWithDebInfo|x86 = RelWithDebInfo|x86
	EndGlobalSection
	GlobalSection(ProjectConfigurationPlatforms) = postSolution
		{D0852590-2E24-4259-B060-7CEAA6C3B9CC}.Debug|x64.ActiveCfg = Debug|x64
		{D0852590-2E24-4259-B060-7CEAA6C3B9CC}.Debug|x64.Build.0 = Debug|x64
		{D0852590-2E24-4259-B060-7CEAA6C3B9CC}.Debug|x86.ActiveCfg = Debug|Win32
		{D0852590-2E24-4259-B060-7CEAA6C3B9CC}.Debug|x86.Build.0 = Debug|Win32
		{D0852590-2E24-4259-B060-7CEAA6C3B9CC}.MinSizeRel|x64.ActiveCfg = Release|x64
		{D0852590-2E24-4259-B060-7CEAA6C3B9CC}.MinSizeRel|x64.Build.0 = Release|x64
		{D0852590-2E24-4259-B060-7CEAA6C3B9CC}.MinSizeRel|x86.ActiveCfg = Release|Win32
		{D0852590-2E24-4259-B060-7CEAA6C3B9CC}.MinSizeRel|x86.Build.0 = Release|Win32
		{D0852590-2E24-4259-B060-7CEAA6C3B9CC}.Release|x64.ActiveCfg = Release|x64
		{D0852590-2E24-4259-B060-7CEAA6C3B9CC}.Release|x64.Build.0 = Release|x64
		{D0852590-2E24-4259-B060-7CEAA6C3B9CC}.Release|x86.ActiveCfg = Release|Win32
		{D0852590-2E24-4259-B060-7CEAA6C3B9CC}.Release|x86.Build.0 = Release|Win32
		{D0852590-2E24-4259-B060-7CEAA6C3B9CC}.RelWithDebInfo|x64.ActiveCfg = Release|x64
		{D0852590-2E24-4259-B060-7CEAA6C3B9CC}.RelWithDebInfo|x64.Build.0 = Release|x64
		{D0852590-2E24-4259-B060-7CEAA6C3B9CC}.RelWithDebInfo|x86.ActiveCfg = Release|Win32
		{D0852590-2E24-4259-B060-7CEAA6C3B9CC}.RelWithDebInfo|x86.Build.0 = Release|Win32
		{61F8D43C-1505-45A8-BCED-6EA25B819C0C}.Debug|x64.ActiveCfg = Debug|x64
		{61F8D43C-1505-45A8-BCED-6EA25B819C0C}.Debug|x64.Build.0 = Debug|x64
		{61F8D43C-1505-45A8-BCED-6EA25B819C0C}.Debug|x86.ActiveCfg = Debug|Win32
		{61F8D43C-1505-45A8-BCED-6EA25B819C0C}.Debug|x86.Build.0 = Debug|Win32
		{61F8D43C-1505-45A8-BCED-6EA25B819C0C}.MinSizeRel|x64.ActiveCfg = Release|x64
		{61F8D43C-1505-45A8-BCED-6EA25B819C0C}.MinSizeRel|x64.Build.0 = Release|x64
		{61F8D43C-1505-45A8-BCED-6EA25B819C0C}.MinSizeRel|x64.Deploy.0 = Release|x64
		{61F8D43C-1505-45A8-BCED-6EA25B819C0C}.MinSizeRel|x86.ActiveCfg = Release|Win32
		{61F8D43C-1505-45A8-BCED-6EA25B819C0C}.MinSizeRel|x86.Build.0 = Release|Win32
		{61F8D43C-1505-45A8-BCED-6EA25B819C0C}.MinSizeRel|x86.Deploy.0 = Release|Win32
		{61F8D43C-1505-45A8-BCED-6EA25B819C0C}.Release|x64.ActiveCfg = Release|x64
		{61F8D43C-1505-45A8-BCED-6EA25B819C0C}.Release|x64.Build.0 = Release|x64
		{61F8D43C-1505-45A8-BCED-6EA25B819C0C}.Release|x86.ActiveCfg = Release|Win32
		{61F8D43C-1505-45A8-BCED-6EA25B819C0C}.Release|x86.Build.0 = Release|Win32
		{61F8D43C-1505-45A8-BCED-6EA25B819C0C}.RelWithDebInfo|x64.ActiveCfg = Release|x64
		{61F8D43C-1505-45A8-BCED-6EA25B819C0C}.RelWithDebInfo|x64.Build.0 = Release|x64
		{61F8D43C-1505-45A8-BCED-6EA25B819C0C}.RelWithDebInfo|x64.Deploy.0 = Release|x64
		{61F8D43C-1505-45A8-BCED-6EA25B819C0C}.RelWithDebInfo|x86.ActiveCfg = Release|Win32
		{61F8D43C-1505-45A8-BCED-6EA25B819C0C}.RelWithDebInfo|x86.Build.0 = Release|Win32
		{61F8D43C-1505-45A8-BCED-6EA25B819C0C}.RelWithDebInfo|x86.Deploy.0 = Release|Win32
		{7A96F5E7-A6A5-3ABB-8F01-02E8204E59B0}.Debug|x64.ActiveCfg = Debug|x64
		{7A96F5E7-A6A5-3ABB-8F01-02E8204E59B0}.Debug|x64.Build.0 = Debug|x64
		{7A96F5E7-A6A5-3ABB-8F01-02E8204E59B0}.Debug|x86.ActiveCfg = Debug|x64
		{7A96F5E7-A6A5-3ABB-8F01-02E8204E59B0}.MinSizeRel|x64.ActiveCfg = MinSizeRel|x64
		{7A96F5E7-A6A5-3ABB-8F01-02E8204E59B0}.MinSizeRel|x64.Build.0 = MinSizeRel|x64
		{7A96F5E7-A6A5-3ABB-8F01-02E8204E59B0}.MinSizeRel|x86.ActiveCfg = MinSizeRel|x64
		{7A96F5E7-A6A5-3ABB-8F01-02E8204E59B0}.Release|x64.ActiveCfg = Release|x64
		{7A96F5E7-A6A5-3ABB-8F01-02E8204E59B0}.Release|x64.Build.0 = Release|x64
		{7A96F5E7-A6A5-3ABB-8F01-02E8204E59B0}.Release|x86.ActiveCfg = Release|x64
		{7A96F5E7-A6A5-3ABB-8F01-02E8204E59B0}.RelWithDebInfo|x64.ActiveCfg = RelWithDebInfo|x64
		{7A96F5E7-A6A5-3ABB-8F01-02E8204E59B0}.RelWithDebInfo|x64.Build.0 = RelWithDebInfo|x64
		{7A96F5E7-A6A5-3ABB-8F01-02E8204E59B0}.RelWithDebInfo|x86.ActiveCfg = RelWithDebInfo|x64
		{C5ECD2A9-C18E-4C04-B2F1-C5D6F236F5AE}.Debug|x64.ActiveCfg = Debug|x64
		{C5ECD2A9-C18E-4C04-B2F1-C5D6F236F5AE}.Debug|x64.Build.0 = Debug|x64
		{C5ECD2A9-C18E-4C04-B2F1-C5D6F236F5AE}.Debug|x86.ActiveCfg = Debug|Win32
		{C5ECD2A9-C18E-4C04-B2F1-C5D6F236F5AE}.Debug|x86.Build.0 = Debug|Win32
		{C5ECD2A9-C18E-4C04-B2F1-C5D6F236F5AE}.MinSizeRel|x64.ActiveCfg = Release|x64
		{C5ECD2A9-C18E-4C04-B2F1-C5D6F236F5AE}.MinSizeRel|x64.Build.0 = Release|x64
		{C5ECD2A9-C18E-4C04-B2F1-C5D6F236F5AE}.MinSizeRel|x86.ActiveCfg = Release|Win32
		{C5ECD2A9-C18E-4C04-B2F1-C5D6F236F5AE}.MinSizeRel|x86.Build.0 = Release|Win32
		{C5ECD2A9-C18E-4C04-B2F1-C5D6F236F5AE}.Release|x64.ActiveCfg = Release|x64
		{C5ECD2A9-C18E-4C04-B2F1-C5D6F236F5AE}.Release|x64.Build.0 = Release|x64
		{C5ECD2A9-C18E-4C04-B2F1-C5D6F236F5AE}.Release|x86.ActiveCfg = Release|Win32
		{C5ECD2A9-C18E-4C04-B2F1-C5D6F236F5AE}.Release|x86.Build.0 = Release|Win32
		{C5ECD2A9-C18E-4C04-B2F1-C5D6F236F5AE}.RelWithDebInfo|x64.ActiveCfg = Release|x64
		{C5ECD2A9-C18E-4C04-B2F1-C5D6F236F5AE}.RelWithDebInfo|x64.Build.0 = Release|x64
		{C5ECD2A9-C18E-4C04-B2F1-C5D6F236F5AE}.RelWithDebInfo|x86.ActiveCfg = Release|Win32
		{C5ECD2A9-C18E-4C04-B2F1-C5D6F236F5AE}.RelWithDebInfo|x86.Build.0 = Release|Win32
		{C5ECD2A1-C18E-4C04-B2FA-C5C6F206F5AE}.Debug|x64.ActiveCfg = Debug|x64
		{C5ECD2A1-C18E-4C04-B2FA-C5C6F206F5AE}.Debug|x64.Build.0 = Debug|x64
		{C5ECD2A1-C18E-4C04-B2FA-C5C6F206F5AE}.Debug|x86.ActiveCfg = Debug|Win32
		{C5ECD2A1-C18E-4C04-B2FA-C5C6F206F5AE}.Debug|x86.Build.0 = Debug|Win32
		{C5ECD2A1-C18E-4C04-B2FA-C5C6F206F5AE}.MinSizeRel|x64.ActiveCfg = Release|x64
		{C5ECD2A1-C18E-4C04-B2FA-C5C6F206F5AE}.MinSizeRel|x64.Build.0 = Release|x64
		{C5ECD2A1-C18E-4C04-B2FA-C5C6F206F5AE}.MinSizeRel|x86.ActiveCfg = Release|Win32
		{C5ECD2A1-C18E-4C04-B2FA-C5C6F206F5AE}.MinSizeRel|x86.Build.0 = Release|Win32
		{C5ECD2A1-C18E-4C04-B2FA-C5C6F206F5AE}.Release|x64.ActiveCfg = Release|x64
		{C5ECD2A1-C18E-4C04-B2FA-C5C6F206F5AE}.Release|x64.Build.0 = Release|x64
		{C5ECD2A1-C18E-4C04-B2FA-C5C6F206F5AE}.Release|x86.ActiveCfg = Release|Win32
		{C5ECD2A1-C18E-4C04-B2FA-C5C6F206F5AE}.Release|x86.Build.0 = Release|Win32
		{C5ECD2A1-C18E-4C04-B2FA-C5C6F206F5AE}.RelWithDebInfo|x64.ActiveCfg = Release|x64
		{C5ECD2A1-C18E-4C04-B2FA-C5C6F206F5AE}.RelWithDebInfo|x64.Build.0 = Release|x64
		{C5ECD2A1-C18E-4C04-B2FA-C5C6F206F5AE}.RelWithDebInfo|x86.ActiveCfg = Release|Win32
		{C5ECD2A1-C18E-4C04-B2FA-C5C6F206F5AE}.RelWithDebInfo|x86.Build.0 = Release|Win32
		{C5ECD2A1-C35E-4CE4-BEFA-C5C6F206F5AE}.Debug|x64.ActiveCfg = Debug|x64
		{C5ECD2A1-C35E-4CE4-BEFA-C5C6F206F5AE}.Debug|x64.Build.0 = Debug|x64
		{C5ECD2A1-C35E-4CE4-BEFA-C5C6F206F5AE}.Debug|x86.ActiveCfg = Debug|Win32
		{C5ECD2A1-C35E-4CE4-BEFA-C5C6F206F5AE}.Debug|x86.Build.0 = Debug|Win32
		{C5ECD2A1-C35E-4CE4-BEFA-C5C6F206F5AE}.MinSizeRel|x64.ActiveCfg = Release|x64
		{C5ECD2A1-C35E-4CE4-BEFA-C5C6F206F5AE}.MinSizeRel|x64.Build.0 = Release|x64
		{C5ECD2A1-C35E-4CE4-BEFA-C5C6F206F5AE}.MinSizeRel|x86.ActiveCfg = Release|Win32
		{C5ECD2A1-C35E-4CE4-BEFA-C5C6F206F5AE}.MinSizeRel|x86.Build.0 = Release|Win32
		{C5ECD2A1-C35E-4CE4-BEFA-C5C6F206F5AE}.Release|x64.ActiveCfg = Release|x64
		{C5ECD2A1-C35E-4CE4-BEFA-C5C6F206F5AE}.Release|x64.Build.0 = Release|x64
		{C5ECD2A1-C35E-4CE4-BEFA-C5C6F206F5AE}.Release|x86.ActiveCfg = Release|Win32
		{C5ECD2A1-C35E-4CE4-BEFA-C5C6F206F5AE}.Release|x86.Build.0 = Release|Win32
		{C5ECD2A1-C35E-4CE4-BEFA-C5C6F206F5AE}.RelWithDebInfo|x64.ActiveCfg = Release|x64
		{C5ECD2A1-C35E-4CE4-BEFA-C5C6F206F5AE}.RelWithDebInfo|x64.Build.0 = Release|x64
		{C5ECD2A1-C35E-4CE4-BEFA-C5C6F206F5AE}.RelWithDebInfo|x86.ActiveCfg = Release|Win32
		{C5ECD2A1-C35E-4CE4-BEFA-C5C6F206F5AE}.RelWithDebInfo|x86.Build.0 = Release|Win32
		{15112AF0-337E-4297-8B3E-64AC4F7CFBB4}.Debug|x64.ActiveCfg = Debug|x64
		{15112AF0-337E-4297-8B3E-64AC4F7CFBB4}.Debug|x64.Build.0 = Debug|x64
		{15112AF0-337E-4297-8B3E-64AC4F7CFBB4}.Debug|x86.ActiveCfg = Debug|Win32
		{15112AF0-337E-4297-8B3E-64AC4F7CFBB4}.Debug|x86.Build.0 = Debug|Win32
		{15112AF0-337E-4297-8B3E-64AC4F7CFBB4}.MinSizeRel|x64.ActiveCfg = Release|x64
		{15112AF0-337E-4297-8B3E-64AC4F7CFBB4}.MinSizeRel|x64.Build.0 = Release|x64
		{15112AF0-337E-4297-8B3E-64AC4F7CFBB4}.MinSizeRel|x86.ActiveCfg = Release|Win32
		{15112AF0-337E-4297-8B3E-64AC4F7CFBB4}.MinSizeRel|x86.Build.0 = Release|Win32
		{15112AF0-337E-4297-8B3E-64AC4F7CFBB4}.Release|x64.ActiveCfg = Release|x64
		{15112AF0-337E-4297-8B3E-64AC4F7CFBB4}.Release|x64.Build.0 = Release|x64
		{15112AF0-337E-4297-8B3E-64AC4F7CFBB4}.Release|x86.ActiveCfg = Release|Win32
		{15112AF0-337E-4297-8B3E-64AC4F7CFBB4}.Release|x86.Build.0 = Release|Win32
		{15112AF0-337E-4297-8B3E-64AC4F7CFBB4}.RelWithDebInfo|x64.ActiveCfg = Release|x64
		{15112AF0-337E-4297-8B3E-64AC4F7CFBB4}.RelWithDebInfo|x64.Build.0 = Release|x64
		{15112AF0-337E-4297-8B3E-64AC4F7CFBB4}.RelWithDebInfo|x86.ActiveCfg = Release|Win32
		{15112AF0-337E-4297-8B3E-64AC4F7CFBB4}.RelWithDebInfo|x86.Build.0 = Release|Win32
		{26C5F80F-BAF3-39EF-8589-224D4D4A3D2F}.Debug|x64.ActiveCfg = Debug|x64
		{26C5F80F-BAF3-39EF-8589-224D4D4A3D2F}.Debug|x64.Build.0 = Debug|x64
		{26C5F80F-BAF3-39EF-8589-224D4D4A3D2F}.Debug|x86.ActiveCfg = Debug|x64
		{26C5F80F-BAF3-39EF-8589-224D4D4A3D2F}.MinSizeRel|x64.ActiveCfg = MinSizeRel|x64
		{26C5F80F-BAF3-39EF-8589-224D4D4A3D2F}.MinSizeRel|x64.Build.0 = MinSizeRel|x64
		{26C5F80F-BAF3-39EF-8589-224D4D4A3D2F}.MinSizeRel|x86.ActiveCfg = MinSizeRel|x64
		{26C5F80F-BAF3-39EF-8589-224D4D4A3D2F}.Release|x64.ActiveCfg = Release|x64
		{26C5F80F-BAF3-39EF-8589-224D4D4A3D2F}.Release|x64.Build.0 = Release|x64
		{26C5F80F-BAF3-39EF-8589-224D4D4A3D2F}.Release|x86.ActiveCfg = Release|x64
		{26C5F80F-BAF3-39EF-8589-224D4D4A3D2F}.RelWithDebInfo|x64.ActiveCfg = RelWithDebInfo|x64
		{26C5F80F-BAF3-39EF-8589-224D4D4A3D2F}.RelWithDebInfo|x64.Build.0 = RelWithDebInfo|x64
		{26C5F80F-BAF3-39EF-8589-224D4D4A3D2F}.RelWithDebInfo|x86.ActiveCfg = RelWithDebInfo|x64
	EndGlobalSection
	GlobalSection(SolutionProperties) = preSolution
		HideSolutionNode = FALSE
	EndGlobalSection
	GlobalSection(ExtensibilityGlobals) = postSolution
		SolutionGuid = {521268B1-8111-4674-919E-82DB0FA8BB6D}
	EndGlobalSection
EndGlobal
